
Microsoft Visual Studio Solution File, Format Version 12.00
# Visual Studio Version 17
VisualStudioVersion = 17.11.35208.52
MinimumVisualStudioVersion = 10.0.40219.1
Project("{FAE04EC0-301F-11D3-BF4B-00C04F79EFBC}") = "Parcial1.Shared", "Parcial1.Shared\Parcial1.Shared.csproj", "{47355E6F-BC2A-45E1-98B3-A3DA2B4ACC94}"
EndProject
Project("{FAE04EC0-301F-11D3-BF4B-00C04F79EFBC}") = "Parcial1.Api", "Parcial1.Api\Parcial1.Api.csproj", "{2B01CF5B-77BC-492D-B381-63355CAAB034}"
EndProject
Project("{FAE04EC0-301F-11D3-BF4B-00C04F79EFBC}") = "Parcial1.web", "Parcial1.web\Parcial1.web.csproj", "{36E335BF-5F3F-460E-8011-4046736C7D58}"
EndProject
Global
	GlobalSection(SolutionConfigurationPlatforms) = preSolution
		Debug|Any CPU = Debug|Any CPU
		Release|Any CPU = Release|Any CPU
	EndGlobalSection
	GlobalSection(ProjectConfigurationPlatforms) = postSolution
		{47355E6F-BC2A-45E1-98B3-A3DA2B4ACC94}.Debug|Any CPU.ActiveCfg = Debug|Any CPU
		{47355E6F-BC2A-45E1-98B3-A3DA2B4ACC94}.Debug|Any CPU.Build.0 = Debug|Any CPU
		{47355E6F-BC2A-45E1-98B3-A3DA2B4ACC94}.Release|Any CPU.ActiveCfg = Release|Any CPU
		{47355E6F-BC2A-45E1-98B3-A3DA2B4ACC94}.Release|Any CPU.Build.0 = Release|Any CPU
		{2B01CF5B-77BC-492D-B381-63355CAAB034}.Debug|Any CPU.ActiveCfg = Debug|Any CPU
		{2B01CF5B-77BC-492D-B381-63355CAAB034}.Debug|Any CPU.Build.0 = Debug|Any CPU
		{2B01CF5B-77BC-492D-B381-63355CAAB034}.Release|Any CPU.ActiveCfg = Release|Any CPU
		{2B01CF5B-77BC-492D-B381-63355CAAB034}.Release|Any CPU.Build.0 = Release|Any CPU
		{36E335BF-5F3F-460E-8011-4046736C7D58}.Debug|Any CPU.ActiveCfg = Debug|Any CPU
		{36E335BF-5F3F-460E-8011-4046736C7D58}.Debug|Any CPU.Build.0 = Debug|Any CPU
		{36E335BF-5F3F-460E-8011-4046736C7D58}.Release|Any CPU.ActiveCfg = Release|Any CPU
		{36E335BF-5F3F-460E-8011-4046736C7D58}.Release|Any CPU.Build.0 = Release|Any CPU
	EndGlobalSection
	GlobalSection(SolutionProperties) = preSolution
		HideSolutionNode = FALSE
	EndGlobalSection
	GlobalSection(ExtensibilityGlobals) = postSolution
		SolutionGuid = {255B0CC8-6E9D-4A64-823A-45B09DFC3E3D}
	EndGlobalSection
EndGlobal
